
Microsoft Visual Studio Solution File, Format Version 12.00
# Visual Studio Version 16
VisualStudioVersion = 16.0.28803.202
MinimumVisualStudioVersion = 10.0.40219.1
Project("{9A19103F-16F7-4668-BE54-9A1E7A4F7556}") = "aws-csharp", "aws-csharp.csproj", "{9D18AF37-CE6D-4111-80F8-CDE04A16CECD}"
EndProject
Global
	GlobalSection(SolutionConfigurationPlatforms) = preSolution
		Debug|Any CPU = Debug|Any CPU
		Release|Any CPU = Release|Any CPU
	EndGlobalSection
	GlobalSection(ProjectConfigurationPlatforms) = postSolution
		{9D18AF37-CE6D-4111-80F8-CDE04A16CECD}.Debug|Any CPU.ActiveCfg = Debug|Any CPU
		{9D18AF37-CE6D-4111-80F8-CDE04A16CECD}.Debug|Any CPU.Build.0 = Debug|Any CPU
		{9D18AF37-CE6D-4111-80F8-CDE04A16CECD}.Release|Any CPU.ActiveCfg = Release|Any CPU
		{9D18AF37-CE6D-4111-80F8-CDE04A16CECD}.Release|Any CPU.Build.0 = Release|Any CPU
	EndGlobalSection
	GlobalSection(SolutionProperties) = preSolution
		HideSolutionNode = FALSE
	EndGlobalSection
	GlobalSection(ExtensibilityGlobals) = postSolution
		SolutionGuid = {DB0C25F5-55EF-40F8-94E3-E8E4ACE3F53F}
	EndGlobalSection
EndGlobal
